PODS:
  - Masonry (1.1.0)
  - ReactiveObjC (3.1.1)
  - YYModel (1.0.4)

DEPENDENCIES:
  - Masonry
  - ReactiveObjC
  - YYModel

SPEC REPOS:
  trunk:
    - Masonry
    - ReactiveObjC
    - YYModel

SPEC CHECKSUMS:
  Masonry: 678fab65091a9290e40e2832a55e7ab731aad201
  ReactiveObjC: 011caa393aa0383245f2dcf9bf02e86b80b36040
  YYModel: 2a7fdd96aaa4b86a824e26d0c517de8928c04b30

PODFILE CHECKSUM: fdabdae8f433385a26bb6e6301f08d5c514379b3

COCOAPODS: 1.10.1
